# This file is generated by running "yarn install" inside your project.
# Manual changes might be lost - proceed with caution!

__metadata:
  version: 4
  cacheKey: 5

"debug@npm:^3.1.0":
  version: 3.1.0
  resolution: "debug@npm:3.1.0"
  dependencies:
    ms: 2.0.0
  checksum: 1295acd5e0531761255661d325cd0a80ac8c5f6de8942a53bb23c2197ccb97526972de662ed0e5d9393be83f3428a298a6e7185ecb02f0da6282019cd2ffb4a8
  languageName: node
  linkType: hard

"ms@npm:2.0.0":
  version: 2.0.0
  resolution: "ms@npm:2.0.0"
  checksum: 1a230340cc7f322fbe916783d8c8d60455407c6b7fb7f901d6ee34eb272402302c5c7f070a97b8531245cbb4ca6a0a623f6a128d7e5a5440cefa2c669c0b35bb
  languageName: node
  linkType: hard

"simple-git@npm:^1.92.0":
  version: 1.92.0
  resolution: "simple-git@npm:1.92.0"
  dependencies:
    debug: ^3.1.0
  checksum: a32b25c64770f3e9530c13200d8e7052bfb1bd3ddf7a43570e69b3a180a46947829946b9c6fb9cbb59045c999a7a338f9a85e5572fb05997487d870a99df9f18
  languageName: node
  linkType: hard

"try-yarn@workspace:.":
  version: 0.0.0-use.local
  resolution: "try-yarn@workspace:."
  dependencies:
    simple-git: ^1.92.0
  languageName: unknown
  linkType: soft
