# This file is generated by running "yarn install" inside your project.
# Manual changes might be lost - proceed with caution!

__metadata:
  version: 4
  cacheKey: 5

"@kwsites/file-exists@npm:^1.1.1":
  version: 1.1.1
  resolution: "@kwsites/file-exists@npm:1.1.1"
  dependencies:
    debug: ^4.1.1
  checksum: 8e13130fb3bf4cb4889f9a594531260ea8e5892caa4b7989b22b1250ab10e6ccccabef88f69b59a6059a22e3a742763ee4f3af7037dad7d98b48095baf14a58f
  languageName: node
  linkType: hard

"@kwsites/promise-deferred@npm:^1.1.1":
  version: 1.1.1
  resolution: "@kwsites/promise-deferred@npm:1.1.1"
  checksum: 1f0c17684c88b5e17868058c781e6170d929e6c27a22bb7c84e384e92582afeb67ebe1f42db5a58177cc0aa567c7052bbed884c67e243587b0560f9e9e8d31a1
  languageName: node
  linkType: hard

"debug@npm:^4.1.1":
  version: 4.3.2
  resolution: "debug@npm:4.3.2"
  dependencies:
    ms: 2.1.2
  peerDependencies:
    supports-color: "*"
  peerDependenciesMeta:
    supports-color:
      optional: true
  checksum: 5543570879e2274f6725d4285a034d6e0822d35faefc6f55965933fb440e8c21eb3a0bef934e66f4b6b491f898ee2de37cab980e9d4fd61372136c19d3ce4527
  languageName: node
  linkType: hard

"debug@npm:^4.3.4":
  version: 4.3.4
  resolution: "debug@npm:4.3.4"
  dependencies:
    ms: 2.1.2
  peerDependencies:
    supports-color: "*"
  peerDependenciesMeta:
    supports-color:
      optional: true
  checksum: 7d71c93be25ed05e85840ec12df1a6d1848adbf8bc66948017ad4120fed17d7889e305adec560c18d70710e6de0c55548fbed170f4355045bbbbbd2afd1532a2
  languageName: node
  linkType: hard

"ms@npm:2.1.2":
  version: 2.1.2
  resolution: "ms@npm:2.1.2"
  checksum: 9b65fb709bc30c0c07289dcbdb61ca032acbb9ea5698b55fa62e2cebb04c5953f1876a1f3f7f4bc2e91d4bf4d86003f3e207c3bc6ee2f716f99827e62389cd0e
  languageName: node
  linkType: hard

"simple-git@npm:^3.17.0":
  version: 3.17.0
  resolution: "simple-git@npm:3.17.0"
  dependencies:
    "@kwsites/file-exists": ^1.1.1
    "@kwsites/promise-deferred": ^1.1.1
    debug: ^4.3.4
  checksum: 0e5dde8bf45f2c205cd4d4c1d287adc7c23628f3b30561b871455f0a16aa1f3a0b689c7032b449daa35973475bbd54384579c34742d45d5ca4ee6bfebaaf5a80
  languageName: node
  linkType: hard

"try-yarn@workspace:.":
  version: 0.0.0-use.local
  resolution: "try-yarn@workspace:."
  dependencies:
    simple-git: ^3.17.0
  languageName: unknown
  linkType: soft
